// !$*UTF8*$!
{
	archiveVersion = 1;
	classes = {
	};
	objectVersion = 55;
	objects = {

/* Begin PBXBuildFile section */
		72D1A70EEC0EA0E2EDCA5A8D /* Pods_reTestProject.framework in Frameworks */ = {isa = PBXBuildFile; fileRef = F75A3D52FE3018FAA982BEE5 /* Pods_reTestProject.framework */; };
		75B5FBEC9DDAB2B5430447A6 /* Pods_reTestProject_reTestProjectUITests.framework in Frameworks */ = {isa = PBXBuildFile; fileRef = CE800A3BA588694DAAE69AE4 /* Pods_reTestProject_reTestProjectUITests.framework */; };
		DD35BFCD7AF7AC29A196C5A7 /* Pods_reTestProjectTests.framework in Frameworks */ = {isa = PBXBuildFile; fileRef = EAD4CF76CECFDA4EF6983262 /* Pods_reTestProjectTests.framework */; };
		EB25DCDD2908678000BD5E70 /* RateProductViewController.swift in Sources */ = {isa = PBXBuildFile; fileRef = EB25DCDC2908678000BD5E70 /* RateProductViewController.swift */; };
		EB25DCE129086E3F00BD5E70 /* RateProductModel.swift in Sources */ = {isa = PBXBuildFile; fileRef = EB25DCE029086E3F00BD5E70 /* RateProductModel.swift */; };
		EB25DCE329086EFF00BD5E70 /* ModelProtocols.swift in Sources */ = {isa = PBXBuildFile; fileRef = EB25DCE229086EFF00BD5E70 /* ModelProtocols.swift */; };
		EB7211912908121D00FD7B33 /* RestAPIService.swift in Sources */ = {isa = PBXBuildFile; fileRef = EB7211902908121D00FD7B33 /* RestAPIService.swift */; };
		EB721193290815D200FD7B33 /* LaunchModuleManager.swift in Sources */ = {isa = PBXBuildFile; fileRef = EB721192290815D200FD7B33 /* LaunchModuleManager.swift */; };
		EB7211962908161700FD7B33 /* RestAPI + Launch.swift in Sources */ = {isa = PBXBuildFile; fileRef = EB7211952908161700FD7B33 /* RestAPI + Launch.swift */; };
		EB721199290818D900FD7B33 /* BaseViewController.swift in Sources */ = {isa = PBXBuildFile; fileRef = EB721198290818D900FD7B33 /* BaseViewController.swift */; };
		EB72119B29081D8E00FD7B33 /* RateProductManager.swift in Sources */ = {isa = PBXBuildFile; fileRef = EB72119A29081D8E00FD7B33 /* RateProductManager.swift */; };
		EB72119D29081DBB00FD7B33 /* RestAPI + RateProduct.swift in Sources */ = {isa = PBXBuildFile; fileRef = EB72119C29081DBB00FD7B33 /* RestAPI + RateProduct.swift */; };
		EB72119F290821BA00FD7B33 /* CouponManager.swift in Sources */ = {isa = PBXBuildFile; fileRef = EB72119E290821BA00FD7B33 /* CouponManager.swift */; };
		EB7211A1290821ED00FD7B33 /* RestAPI + Coupon.swift in Sources */ = {isa = PBXBuildFile; fileRef = EB7211A0290821ED00FD7B33 /* RestAPI + Coupon.swift */; };
		EB7211A52908265200FD7B33 /* Colours.swift in Sources */ = {isa = PBXBuildFile; fileRef = EB7211A42908265200FD7B33 /* Colours.swift */; };
		EB75B462290731C800F222FF /* AppDelegate.swift in Sources */ = {isa = PBXBuildFile; fileRef = EB75B461290731C800F222FF /* AppDelegate.swift */; };
		EB75B464290731C800F222FF /* SceneDelegate.swift in Sources */ = {isa = PBXBuildFile; fileRef = EB75B463290731C800F222FF /* SceneDelegate.swift */; };
		EB75B466290731C800F222FF /* ViewController.swift in Sources */ = {isa = PBXBuildFile; fileRef = EB75B465290731C800F222FF /* ViewController.swift */; };
		EB75B469290731C800F222FF /* Main.storyboard in Resources */ = {isa = PBXBuildFile; fileRef = EB75B467290731C800F222FF /* Main.storyboard */; };
		EB75B46B290731C900F222FF /* Assets.xcassets in Resources */ = {isa = PBXBuildFile; fileRef = EB75B46A290731C900F222FF /* Assets.xcassets */; };
		EB75B46E290731C900F222FF /* LaunchScreen.storyboard in Resources */ = {isa = PBXBuildFile; fileRef = EB75B46C290731C900F222FF /* LaunchScreen.storyboard */; };
		EB75B479290731C900F222FF /* reTestProjectTests.swift in Sources */ = {isa = PBXBuildFile; fileRef = EB75B478290731C900F222FF /* reTestProjectTests.swift */; };
		EB75B483290731C900F222FF /* reTestProjectUITests.swift in Sources */ = {isa = PBXBuildFile; fileRef = EB75B482290731C900F222FF /* reTestProjectUITests.swift */; };
		EB75B485290731C900F222FF /* reTestProjectUITestsLaunchTests.swift in Sources */ = {isa = PBXBuildFile; fileRef = EB75B484290731C900F222FF /* reTestProjectUITestsLaunchTests.swift */; };
		EBAD9E282907338E0062F005 /* LaunchModuleViewController.swift in Sources */ = {isa = PBXBuildFile; fileRef = EBAD9E272907338E0062F005 /* LaunchModuleViewController.swift */; };
		EBAD9E2A2907339C0062F005 /* LaunchModulePresenter.swift in Sources */ = {isa = PBXBuildFile; fileRef = EBAD9E292907339C0062F005 /* LaunchModulePresenter.swift */; };
		EBAD9E2C290733A70062F005 /* LaunchModuleInteractor.swift in Sources */ = {isa = PBXBuildFile; fileRef = EBAD9E2B290733A70062F005 /* LaunchModuleInteractor.swift */; };
		EBAD9E2E290733B00062F005 /* LaunchModuleRouter.swift in Sources */ = {isa = PBXBuildFile; fileRef = EBAD9E2D290733B00062F005 /* LaunchModuleRouter.swift */; };
		EBAD9E30290733B90062F005 /* LaunchModuleBuilder.swift in Sources */ = {isa = PBXBuildFile; fileRef = EBAD9E2F290733B90062F005 /* LaunchModuleBuilder.swift */; };
		EBAD9E332907343C0062F005 /* RateProductPageViewController.swift in Sources */ = {isa = PBXBuildFile; fileRef = EBAD9E322907343C0062F005 /* RateProductPageViewController.swift */; };
		EBAD9E35290734580062F005 /* RateProductPresenter.swift in Sources */ = {isa = PBXBuildFile; fileRef = EBAD9E34290734580062F005 /* RateProductPresenter.swift */; };
		EBAD9E37290734620062F005 /* RateProductInteractor.swift in Sources */ = {isa = PBXBuildFile; fileRef = EBAD9E36290734620062F005 /* RateProductInteractor.swift */; };
		EBAD9E392907346B0062F005 /* RateProductRouter.swift in Sources */ = {isa = PBXBuildFile; fileRef = EBAD9E382907346B0062F005 /* RateProductRouter.swift */; };
		EBAD9E3B290734740062F005 /* RateProductBuilder.swift in Sources */ = {isa = PBXBuildFile; fileRef = EBAD9E3A290734740062F005 /* RateProductBuilder.swift */; };
		EBAD9E3E290734B40062F005 /* CouponViewController.swift in Sources */ = {isa = PBXBuildFile; fileRef = EBAD9E3D290734B40062F005 /* CouponViewController.swift */; };
		EBAD9E40290734C60062F005 /* CouponPresenter.swift in Sources */ = {isa = PBXBuildFile; fileRef = EBAD9E3F290734C60062F005 /* CouponPresenter.swift */; };
		EBAD9E42290734D00062F005 /* CouponInteractor.swift in Sources */ = {isa = PBXBuildFile; fileRef = EBAD9E41290734D00062F005 /* CouponInteractor.swift */; };
		EBAD9E44290734D90062F005 /* CouponRouter.swift in Sources */ = {isa = PBXBuildFile; fileRef = EBAD9E43290734D90062F005 /* CouponRouter.swift */; };
		EBAD9E46290734E70062F005 /* CouponBuilder.swift in Sources */ = {isa = PBXBuildFile; fileRef = EBAD9E45290734E70062F005 /* CouponBuilder.swift */; };
		EBAD9E49290735160062F005 /* ExternalBrowserViewController.swift in Sources */ = {isa = PBXBuildFile; fileRef = EBAD9E48290735160062F005 /* ExternalBrowserViewController.swift */; };
		EBAD9E4B290735260062F005 /* ExternalBrowserPresenter.swift in Sources */ = {isa = PBXBuildFile; fileRef = EBAD9E4A290735260062F005 /* ExternalBrowserPresenter.swift */; };
		EBAD9E4D290735300062F005 /* ExternalBrowserInteractor.swift in Sources */ = {isa = PBXBuildFile; fileRef = EBAD9E4C290735300062F005 /* ExternalBrowserInteractor.swift */; };
		EBAD9E4F2907353A0062F005 /* ExternalBrowserRouter.swift in Sources */ = {isa = PBXBuildFile; fileRef = EBAD9E4E2907353A0062F005 /* ExternalBrowserRouter.swift */; };
		EBAD9E51290735420062F005 /* ExternalBrowserBuilder.swift in Sources */ = {isa = PBXBuildFile; fileRef = EBAD9E50290735420062F005 /* ExternalBrowserBuilder.swift */; };
/* End PBXBuildFile section */

/* Begin PBXContainerItemProxy section */
		EB75B475290731C900F222FF /* PBXContainerItemProxy */ = {
			isa = PBXContainerItemProxy;
			containerPortal = EB75B456290731C800F222FF /* Project object */;
			proxyType = 1;
			remoteGlobalIDString = EB75B45D290731C800F222FF;
			remoteInfo = reTestProject;
		};
		EB75B47F290731C900F222FF /* PBXContainerItemProxy */ = {
			isa = PBXContainerItemProxy;
			containerPortal = EB75B456290731C800F222FF /* Project object */;
			proxyType = 1;
			remoteGlobalIDString = EB75B45D290731C800F222FF;
			remoteInfo = reTestProject;
		};
/* End PBXContainerItemProxy section */

/* Begin PBXFileReference section */
		032721B6C8586F0AC28D161B /* Pods-reTestProject-reTestProjectUITests.debug.xcconfig */ = {isa = PBXFileReference; includeInIndex = 1; lastKnownFileType = text.xcconfig; name = "Pods-reTestProject-reTestProjectUITests.debug.xcconfig"; path = "Target Support Files/Pods-reTestProject-reTestProjectUITests/Pods-reTestProject-reTestProjectUITests.debug.xcconfig"; sourceTree = "<group>"; };
		2584C92FFAE6C5C545B61F57 /* Pods-reTestProject.debug.xcconfig */ = {isa = PBXFileReference; includeInIndex = 1; lastKnownFileType = text.xcconfig; name = "Pods-reTestProject.debug.xcconfig"; path = "Target Support Files/Pods-reTestProject/Pods-reTestProject.debug.xcconfig"; sourceTree = "<group>"; };
		75139AC0DB14621D6070E137 /* Pods-reTestProjectTests.release.xcconfig */ = {isa = PBXFileReference; includeInIndex = 1; lastKnownFileType = text.xcconfig; name = "Pods-reTestProjectTests.release.xcconfig"; path = "Target Support Files/Pods-reTestProjectTests/Pods-reTestProjectTests.release.xcconfig"; sourceTree = "<group>"; };
		A88BD473FEE4223AAF980691 /* Pods-reTestProject.release.xcconfig */ = {isa = PBXFileReference; includeInIndex = 1; lastKnownFileType = text.xcconfig; name = "Pods-reTestProject.release.xcconfig"; path = "Target Support Files/Pods-reTestProject/Pods-reTestProject.release.xcconfig"; sourceTree = "<group>"; };
		C14A98BFAEEE3BBA4B36829B /* Pods-reTestProjectTests.debug.xcconfig */ = {isa = PBXFileReference; includeInIndex = 1; lastKnownFileType = text.xcconfig; name = "Pods-reTestProjectTests.debug.xcconfig"; path = "Target Support Files/Pods-reTestProjectTests/Pods-reTestProjectTests.debug.xcconfig"; sourceTree = "<group>"; };
		CE800A3BA588694DAAE69AE4 /* Pods_reTestProject_reTestProjectUITests.framework */ = {isa = PBXFileReference; explicitFileType = wrapper.framework; includeInIndex = 0; path = Pods_reTestProject_reTestProjectUITests.framework; sourceTree = BUILT_PRODUCTS_DIR; };
		EAD4CF76CECFDA4EF6983262 /* Pods_reTestProjectTests.framework */ = {isa = PBXFileReference; explicitFileType = wrapper.framework; includeInIndex = 0; path = Pods_reTestProjectTests.framework; sourceTree = BUILT_PRODUCTS_DIR; };
		EB25DCDC2908678000BD5E70 /* RateProductViewController.swift */ = {isa = PBXFileReference; lastKnownFileType = sourcecode.swift; path = RateProductViewController.swift; sourceTree = "<group>"; };
		EB25DCE029086E3F00BD5E70 /* RateProductModel.swift */ = {isa = PBXFileReference; lastKnownFileType = sourcecode.swift; path = RateProductModel.swift; sourceTree = "<group>"; };
		EB25DCE229086EFF00BD5E70 /* ModelProtocols.swift */ = {isa = PBXFileReference; lastKnownFileType = sourcecode.swift; path = ModelProtocols.swift; sourceTree = "<group>"; };
		EB7211902908121D00FD7B33 /* RestAPIService.swift */ = {isa = PBXFileReference; lastKnownFileType = sourcecode.swift; path = RestAPIService.swift; sourceTree = "<group>"; };
		EB721192290815D200FD7B33 /* LaunchModuleManager.swift */ = {isa = PBXFileReference; lastKnownFileType = sourcecode.swift; path = LaunchModuleManager.swift; sourceTree = "<group>"; };
		EB7211952908161700FD7B33 /* RestAPI + Launch.swift */ = {isa = PBXFileReference; lastKnownFileType = sourcecode.swift; path = "RestAPI + Launch.swift"; sourceTree = "<group>"; };
		EB721198290818D900FD7B33 /* BaseViewController.swift */ = {isa = PBXFileReference; lastKnownFileType = sourcecode.swift; path = BaseViewController.swift; sourceTree = "<group>"; };
		EB72119A29081D8E00FD7B33 /* RateProductManager.swift */ = {isa = PBXFileReference; lastKnownFileType = sourcecode.swift; path = RateProductManager.swift; sourceTree = "<group>"; };
		EB72119C29081DBB00FD7B33 /* RestAPI + RateProduct.swift */ = {isa = PBXFileReference; lastKnownFileType = sourcecode.swift; path = "RestAPI + RateProduct.swift"; sourceTree = "<group>"; };
		EB72119E290821BA00FD7B33 /* CouponManager.swift */ = {isa = PBXFileReference; lastKnownFileType = sourcecode.swift; path = CouponManager.swift; sourceTree = "<group>"; };
		EB7211A0290821ED00FD7B33 /* RestAPI + Coupon.swift */ = {isa = PBXFileReference; lastKnownFileType = sourcecode.swift; path = "RestAPI + Coupon.swift"; sourceTree = "<group>"; };
		EB7211A42908265200FD7B33 /* Colours.swift */ = {isa = PBXFileReference; lastKnownFileType = sourcecode.swift; path = Colours.swift; sourceTree = "<group>"; };
		EB75B45E290731C800F222FF /* reTestProject.app */ = {isa = PBXFileReference; explicitFileType = wrapper.application; includeInIndex = 0; path = reTestProject.app; sourceTree = BUILT_PRODUCTS_DIR; };
		EB75B461290731C800F222FF /* AppDelegate.swift */ = {isa = PBXFileReference; lastKnownFileType = sourcecode.swift; path = AppDelegate.swift; sourceTree = "<group>"; };
		EB75B463290731C800F222FF /* SceneDelegate.swift */ = {isa = PBXFileReference; lastKnownFileType = sourcecode.swift; path = SceneDelegate.swift; sourceTree = "<group>"; };
		EB75B465290731C800F222FF /* ViewController.swift */ = {isa = PBXFileReference; lastKnownFileType = sourcecode.swift; path = ViewController.swift; sourceTree = "<group>"; };
		EB75B468290731C800F222FF /* Base */ = {isa = PBXFileReference; lastKnownFileType = file.storyboard; name = Base; path = Base.lproj/Main.storyboard; sourceTree = "<group>"; };
		EB75B46A290731C900F222FF /* Assets.xcassets */ = {isa = PBXFileReference; lastKnownFileType = folder.assetcatalog; path = Assets.xcassets; sourceTree = "<group>"; };
		EB75B46D290731C900F222FF /* Base */ = {isa = PBXFileReference; lastKnownFileType = file.storyboard; name = Base; path = Base.lproj/LaunchScreen.storyboard; sourceTree = "<group>"; };
		EB75B46F290731C900F222FF /* Info.plist */ = {isa = PBXFileReference; lastKnownFileType = text.plist.xml; path = Info.plist; sourceTree = "<group>"; };
		EB75B474290731C900F222FF /* reTestProjectTests.xctest */ = {isa = PBXFileReference; explicitFileType = wrapper.cfbundle; includeInIndex = 0; path = reTestProjectTests.xctest; sourceTree = BUILT_PRODUCTS_DIR; };
		EB75B478290731C900F222FF /* reTestProjectTests.swift */ = {isa = PBXFileReference; lastKnownFileType = sourcecode.swift; path = reTestProjectTests.swift; sourceTree = "<group>"; };
		EB75B47E290731C900F222FF /* reTestProjectUITests.xctest */ = {isa = PBXFileReference; explicitFileType = wrapper.cfbundle; includeInIndex = 0; path = reTestProjectUITests.xctest; sourceTree = BUILT_PRODUCTS_DIR; };
		EB75B482290731C900F222FF /* reTestProjectUITests.swift */ = {isa = PBXFileReference; lastKnownFileType = sourcecode.swift; path = reTestProjectUITests.swift; sourceTree = "<group>"; };
		EB75B484290731C900F222FF /* reTestProjectUITestsLaunchTests.swift */ = {isa = PBXFileReference; lastKnownFileType = sourcecode.swift; path = reTestProjectUITestsLaunchTests.swift; sourceTree = "<group>"; };
		EBAD9E272907338E0062F005 /* LaunchModuleViewController.swift */ = {isa = PBXFileReference; lastKnownFileType = sourcecode.swift; path = LaunchModuleViewController.swift; sourceTree = "<group>"; };
		EBAD9E292907339C0062F005 /* LaunchModulePresenter.swift */ = {isa = PBXFileReference; lastKnownFileType = sourcecode.swift; path = LaunchModulePresenter.swift; sourceTree = "<group>"; };
		EBAD9E2B290733A70062F005 /* LaunchModuleInteractor.swift */ = {isa = PBXFileReference; lastKnownFileType = sourcecode.swift; path = LaunchModuleInteractor.swift; sourceTree = "<group>"; };
		EBAD9E2D290733B00062F005 /* LaunchModuleRouter.swift */ = {isa = PBXFileReference; lastKnownFileType = sourcecode.swift; path = LaunchModuleRouter.swift; sourceTree = "<group>"; };
		EBAD9E2F290733B90062F005 /* LaunchModuleBuilder.swift */ = {isa = PBXFileReference; lastKnownFileType = sourcecode.swift; path = LaunchModuleBuilder.swift; sourceTree = "<group>"; };
		EBAD9E322907343C0062F005 /* RateProductPageViewController.swift */ = {isa = PBXFileReference; lastKnownFileType = sourcecode.swift; path = RateProductPageViewController.swift; sourceTree = "<group>"; };
		EBAD9E34290734580062F005 /* RateProductPresenter.swift */ = {isa = PBXFileReference; lastKnownFileType = sourcecode.swift; path = RateProductPresenter.swift; sourceTree = "<group>"; };
		EBAD9E36290734620062F005 /* RateProductInteractor.swift */ = {isa = PBXFileReference; lastKnownFileType = sourcecode.swift; path = RateProductInteractor.swift; sourceTree = "<group>"; };
		EBAD9E382907346B0062F005 /* RateProductRouter.swift */ = {isa = PBXFileReference; lastKnownFileType = sourcecode.swift; path = RateProductRouter.swift; sourceTree = "<group>"; };
		EBAD9E3A290734740062F005 /* RateProductBuilder.swift */ = {isa = PBXFileReference; lastKnownFileType = sourcecode.swift; path = RateProductBuilder.swift; sourceTree = "<group>"; };
		EBAD9E3D290734B40062F005 /* CouponViewController.swift */ = {isa = PBXFileReference; lastKnownFileType = sourcecode.swift; path = CouponViewController.swift; sourceTree = "<group>"; };
		EBAD9E3F290734C60062F005 /* CouponPresenter.swift */ = {isa = PBXFileReference; lastKnownFileType = sourcecode.swift; path = CouponPresenter.swift; sourceTree = "<group>"; };
		EBAD9E41290734D00062F005 /* CouponInteractor.swift */ = {isa = PBXFileReference; lastKnownFileType = sourcecode.swift; path = CouponInteractor.swift; sourceTree = "<group>"; };
		EBAD9E43290734D90062F005 /* CouponRouter.swift */ = {isa = PBXFileReference; lastKnownFileType = sourcecode.swift; path = CouponRouter.swift; sourceTree = "<group>"; };
		EBAD9E45290734E70062F005 /* CouponBuilder.swift */ = {isa = PBXFileReference; lastKnownFileType = sourcecode.swift; path = CouponBuilder.swift; sourceTree = "<group>"; };
		EBAD9E48290735160062F005 /* ExternalBrowserViewController.swift */ = {isa = PBXFileReference; lastKnownFileType = sourcecode.swift; path = ExternalBrowserViewController.swift; sourceTree = "<group>"; };
		EBAD9E4A290735260062F005 /* ExternalBrowserPresenter.swift */ = {isa = PBXFileReference; lastKnownFileType = sourcecode.swift; path = ExternalBrowserPresenter.swift; sourceTree = "<group>"; };
		EBAD9E4C290735300062F005 /* ExternalBrowserInteractor.swift */ = {isa = PBXFileReference; lastKnownFileType = sourcecode.swift; path = ExternalBrowserInteractor.swift; sourceTree = "<group>"; };
		EBAD9E4E2907353A0062F005 /* ExternalBrowserRouter.swift */ = {isa = PBXFileReference; lastKnownFileType = sourcecode.swift; path = ExternalBrowserRouter.swift; sourceTree = "<group>"; };
		EBAD9E50290735420062F005 /* ExternalBrowserBuilder.swift */ = {isa = PBXFileReference; lastKnownFileType = sourcecode.swift; path = ExternalBrowserBuilder.swift; sourceTree = "<group>"; };
		F449D7C3BA39ADE28A9040A1 /* Pods-reTestProject-reTestProjectUITests.release.xcconfig */ = {isa = PBXFileReference; includeInIndex = 1; lastKnownFileType = text.xcconfig; name = "Pods-reTestProject-reTestProjectUITests.release.xcconfig"; path = "Target Support Files/Pods-reTestProject-reTestProjectUITests/Pods-reTestProject-reTestProjectUITests.release.xcconfig"; sourceTree = "<group>"; };
		F75A3D52FE3018FAA982BEE5 /* Pods_reTestProject.framework */ = {isa = PBXFileReference; explicitFileType = wrapper.framework; includeInIndex = 0; path = Pods_reTestProject.framework; sourceTree = BUILT_PRODUCTS_DIR; };
/* End PBXFileReference section */

/* Begin PBXFrameworksBuildPhase section */
		EB75B45B290731C800F222FF /* Frameworks */ = {
			isa = PBXFrameworksBuildPhase;
			buildActionMask = 2147483647;
			files = (
				72D1A70EEC0EA0E2EDCA5A8D /* Pods_reTestProject.framework in Frameworks */,
			);
			runOnlyForDeploymentPostprocessing = 0;
		};
		EB75B471290731C900F222FF /* Frameworks */ = {
			isa = PBXFrameworksBuildPhase;
			buildActionMask = 2147483647;
			files = (
				DD35BFCD7AF7AC29A196C5A7 /* Pods_reTestProjectTests.framework in Frameworks */,
			);
			runOnlyForDeploymentPostprocessing = 0;
		};
		EB75B47B290731C900F222FF /* Frameworks */ = {
			isa = PBXFrameworksBuildPhase;
			buildActionMask = 2147483647;
			files = (
				75B5FBEC9DDAB2B5430447A6 /* Pods_reTestProject_reTestProjectUITests.framework in Frameworks */,
			);
			runOnlyForDeploymentPostprocessing = 0;
		};
/* End PBXFrameworksBuildPhase section */

/* Begin PBXGroup section */
		AAF008C845B3F1155FE1951B /* Frameworks */ = {
			isa = PBXGroup;
			children = (
				F75A3D52FE3018FAA982BEE5 /* Pods_reTestProject.framework */,
				CE800A3BA588694DAAE69AE4 /* Pods_reTestProject_reTestProjectUITests.framework */,
				EAD4CF76CECFDA4EF6983262 /* Pods_reTestProjectTests.framework */,
			);
			name = Frameworks;
			sourceTree = "<group>";
		};
		CA4A22EE11AB0ECD18E2C5F0 /* Pods */ = {
			isa = PBXGroup;
			children = (
				2584C92FFAE6C5C545B61F57 /* Pods-reTestProject.debug.xcconfig */,
				A88BD473FEE4223AAF980691 /* Pods-reTestProject.release.xcconfig */,
				032721B6C8586F0AC28D161B /* Pods-reTestProject-reTestProjectUITests.debug.xcconfig */,
				F449D7C3BA39ADE28A9040A1 /* Pods-reTestProject-reTestProjectUITests.release.xcconfig */,
				C14A98BFAEEE3BBA4B36829B /* Pods-reTestProjectTests.debug.xcconfig */,
				75139AC0DB14621D6070E137 /* Pods-reTestProjectTests.release.xcconfig */,
			);
			path = Pods;
			sourceTree = "<group>";
		};
		EB25DCDE29086E2200BD5E70 /* Models */ = {
			isa = PBXGroup;
			children = (
				EB25DCDF29086E2700BD5E70 /* RateProduct */,
				EB25DCE229086EFF00BD5E70 /* ModelProtocols.swift */,
			);
			path = Models;
			sourceTree = "<group>";
		};
		EB25DCDF29086E2700BD5E70 /* RateProduct */ = {
			isa = PBXGroup;
			children = (
				EB25DCE029086E3F00BD5E70 /* RateProductModel.swift */,
			);
			path = RateProduct;
			sourceTree = "<group>";
		};
		EB72118E290811FE00FD7B33 /* Services */ = {
			isa = PBXGroup;
			children = (
				EB72118F2908120700FD7B33 /* Server */,
			);
			path = Services;
			sourceTree = "<group>";
		};
		EB72118F2908120700FD7B33 /* Server */ = {
			isa = PBXGroup;
			children = (
				EB721194290815F900FD7B33 /* ServerExtensions */,
				EB7211902908121D00FD7B33 /* RestAPIService.swift */,
			);
			path = Server;
			sourceTree = "<group>";
		};
		EB721194290815F900FD7B33 /* ServerExtensions */ = {
			isa = PBXGroup;
			children = (
				EB7211952908161700FD7B33 /* RestAPI + Launch.swift */,
				EB72119C29081DBB00FD7B33 /* RestAPI + RateProduct.swift */,
				EB7211A0290821ED00FD7B33 /* RestAPI + Coupon.swift */,
			);
			path = ServerExtensions;
			sourceTree = "<group>";
		};
		EB721197290818C500FD7B33 /* BaseElements */ = {
			isa = PBXGroup;
			children = (
				EB721198290818D900FD7B33 /* BaseViewController.swift */,
			);
			path = BaseElements;
			sourceTree = "<group>";
		};
		EB7211A22908263600FD7B33 /* Resources */ = {
			isa = PBXGroup;
			children = (
				EB7211A42908265200FD7B33 /* Colours.swift */,
			);
			path = Resources;
			sourceTree = "<group>";
		};
		EB75B455290731C800F222FF = {
			isa = PBXGroup;
			children = (
				EB75B460290731C800F222FF /* reTestProject */,
				EB75B477290731C900F222FF /* reTestProjectTests */,
				EB75B481290731C900F222FF /* reTestProjectUITests */,
				EB75B45F290731C800F222FF /* Products */,
				CA4A22EE11AB0ECD18E2C5F0 /* Pods */,
				AAF008C845B3F1155FE1951B /* Frameworks */,
			);
			sourceTree = "<group>";
		};
		EB75B45F290731C800F222FF /* Products */ = {
			isa = PBXGroup;
			children = (
				EB75B45E290731C800F222FF /* reTestProject.app */,
				EB75B474290731C900F222FF /* reTestProjectTests.xctest */,
				EB75B47E290731C900F222FF /* reTestProjectUITests.xctest */,
			);
			name = Products;
			sourceTree = "<group>";
		};
		EB75B460290731C800F222FF /* reTestProject */ = {
			isa = PBXGroup;
			children = (
				EB25DCDE29086E2200BD5E70 /* Models */,
				EB7211A22908263600FD7B33 /* Resources */,
				EB721197290818C500FD7B33 /* BaseElements */,
				EB72118E290811FE00FD7B33 /* Services */,
				EBAD9E47290734F60062F005 /* ExternalBrowserModule */,
				EBAD9E3C290734810062F005 /* CouponModule */,
				EBAD9E31290733D10062F005 /* RateProductModule */,
				EBAD9E26290733760062F005 /* LaunchModule */,
				EB75B461290731C800F222FF /* AppDelegate.swift */,
				EB75B463290731C800F222FF /* SceneDelegate.swift */,
				EB75B465290731C800F222FF /* ViewController.swift */,
				EB75B467290731C800F222FF /* Main.storyboard */,
				EB75B46A290731C900F222FF /* Assets.xcassets */,
				EB75B46C290731C900F222FF /* LaunchScreen.storyboard */,
				EB75B46F290731C900F222FF /* Info.plist */,
			);
			path = reTestProject;
			sourceTree = "<group>";
		};
		EB75B477290731C900F222FF /* reTestProjectTests */ = {
			isa = PBXGroup;
			children = (
				EB75B478290731C900F222FF /* reTestProjectTests.swift */,
			);
			path = reTestProjectTests;
			sourceTree = "<group>";
		};
		EB75B481290731C900F222FF /* reTestProjectUITests */ = {
			isa = PBXGroup;
			children = (
				EB75B482290731C900F222FF /* reTestProjectUITests.swift */,
				EB75B484290731C900F222FF /* reTestProjectUITestsLaunchTests.swift */,
			);
			path = reTestProjectUITests;
			sourceTree = "<group>";
		};
		EBAD9E26290733760062F005 /* LaunchModule */ = {
			isa = PBXGroup;
			children = (
				EBAD9E272907338E0062F005 /* LaunchModuleViewController.swift */,
				EBAD9E292907339C0062F005 /* LaunchModulePresenter.swift */,
				EBAD9E2D290733B00062F005 /* LaunchModuleRouter.swift */,
				EBAD9E2B290733A70062F005 /* LaunchModuleInteractor.swift */,
				EBAD9E2F290733B90062F005 /* LaunchModuleBuilder.swift */,
				EB721192290815D200FD7B33 /* LaunchModuleManager.swift */,
			);
			path = LaunchModule;
			sourceTree = "<group>";
		};
		EBAD9E31290733D10062F005 /* RateProductModule */ = {
			isa = PBXGroup;
			children = (
				EBAD9E322907343C0062F005 /* RateProductPageViewController.swift */,
				EBAD9E34290734580062F005 /* RateProductPresenter.swift */,
				EBAD9E36290734620062F005 /* RateProductInteractor.swift */,
				EBAD9E382907346B0062F005 /* RateProductRouter.swift */,
				EBAD9E3A290734740062F005 /* RateProductBuilder.swift */,
				EB72119A29081D8E00FD7B33 /* RateProductManager.swift */,
				EB25DCDC2908678000BD5E70 /* RateProductViewController.swift */,
			);
			path = RateProductModule;
			sourceTree = "<group>";
		};
		EBAD9E3C290734810062F005 /* CouponModule */ = {
			isa = PBXGroup;
			children = (
				EBAD9E3D290734B40062F005 /* CouponViewController.swift */,
				EBAD9E3F290734C60062F005 /* CouponPresenter.swift */,
				EBAD9E41290734D00062F005 /* CouponInteractor.swift */,
				EBAD9E43290734D90062F005 /* CouponRouter.swift */,
				EBAD9E45290734E70062F005 /* CouponBuilder.swift */,
				EB72119E290821BA00FD7B33 /* CouponManager.swift */,
			);
			path = CouponModule;
			sourceTree = "<group>";
		};
		EBAD9E47290734F60062F005 /* ExternalBrowserModule */ = {
			isa = PBXGroup;
			children = (
				EBAD9E48290735160062F005 /* ExternalBrowserViewController.swift */,
				EBAD9E4A290735260062F005 /* ExternalBrowserPresenter.swift */,
				EBAD9E4C290735300062F005 /* ExternalBrowserInteractor.swift */,
				EBAD9E4E2907353A0062F005 /* ExternalBrowserRouter.swift */,
				EBAD9E50290735420062F005 /* ExternalBrowserBuilder.swift */,
			);
			path = ExternalBrowserModule;
			sourceTree = "<group>";
		};
/* End PBXGroup section */

/* Begin PBXNativeTarget section */
		EB75B45D290731C800F222FF /* reTestProject */ = {
			isa = PBXNativeTarget;
			buildConfigurationList = EB75B488290731C900F222FF /* Build configuration list for PBXNativeTarget "reTestProject" */;
			buildPhases = (
				A7C50D3183DAED6BD3BF86D9 /* [CP] Check Pods Manifest.lock */,
				EB75B45A290731C800F222FF /* Sources */,
				EB75B45B290731C800F222FF /* Frameworks */,
				EB75B45C290731C800F222FF /* Resources */,
				BFAA7A2B744716C13D5DE0B9 /* [CP] Embed Pods Frameworks */,
			);
			buildRules = (
			);
			dependencies = (
			);
			name = reTestProject;
			productName = reTestProject;
			productReference = EB75B45E290731C800F222FF /* reTestProject.app */;
			productType = "com.apple.product-type.application";
		};
		EB75B473290731C900F222FF /* reTestProjectTests */ = {
			isa = PBXNativeTarget;
			buildConfigurationList = EB75B48B290731C900F222FF /* Build configuration list for PBXNativeTarget "reTestProjectTests" */;
			buildPhases = (
				191ED5F8215B5BFF7C9BBAC4 /* [CP] Check Pods Manifest.lock */,
				EB75B470290731C900F222FF /* Sources */,
				EB75B471290731C900F222FF /* Frameworks */,
				EB75B472290731C900F222FF /* Resources */,
			);
			buildRules = (
			);
			dependencies = (
				EB75B476290731C900F222FF /* PBXTargetDependency */,
			);
			name = reTestProjectTests;
			productName = reTestProjectTests;
			productReference = EB75B474290731C900F222FF /* reTestProjectTests.xctest */;
			productType = "com.apple.product-type.bundle.unit-test";
		};
		EB75B47D290731C900F222FF /* reTestProjectUITests */ = {
			isa = PBXNativeTarget;
			buildConfigurationList = EB75B48E290731C900F222FF /* Build configuration list for PBXNativeTarget "reTestProjectUITests" */;
			buildPhases = (
				ED9B0840814BD2D80A17AC30 /* [CP] Check Pods Manifest.lock */,
				EB75B47A290731C900F222FF /* Sources */,
				EB75B47B290731C900F222FF /* Frameworks */,
				EB75B47C290731C900F222FF /* Resources */,
				B6A9F78BF5C510D0896D5478 /* [CP] Embed Pods Frameworks */,
			);
			buildRules = (
			);
			dependencies = (
				EB75B480290731C900F222FF /* PBXTargetDependency */,
			);
			name = reTestProjectUITests;
			productName = reTestProjectUITests;
			productReference = EB75B47E290731C900F222FF /* reTestProjectUITests.xctest */;
			productType = "com.apple.product-type.bundle.ui-testing";
		};
/* End PBXNativeTarget section */

/* Begin PBXProject section */
		EB75B456290731C800F222FF /* Project object */ = {
			isa = PBXProject;
			attributes = {
				BuildIndependentTargetsInParallel = 1;
				LastSwiftUpdateCheck = 1400;
				LastUpgradeCheck = 1400;
				TargetAttributes = {
					EB75B45D290731C800F222FF = {
						CreatedOnToolsVersion = 14.0.1;
					};
					EB75B473290731C900F222FF = {
						CreatedOnToolsVersion = 14.0.1;
						TestTargetID = EB75B45D290731C800F222FF;
					};
					EB75B47D290731C900F222FF = {
						CreatedOnToolsVersion = 14.0.1;
						TestTargetID = EB75B45D290731C800F222FF;
					};
				};
			};
			buildConfigurationList = EB75B459290731C800F222FF /* Build configuration list for PBXProject "reTestProject" */;
			compatibilityVersion = "Xcode 13.0";
			developmentRegion = en;
			hasScannedForEncodings = 0;
			knownRegions = (
				en,
				Base,
			);
			mainGroup = EB75B455290731C800F222FF;
			productRefGroup = EB75B45F290731C800F222FF /* Products */;
			projectDirPath = "";
			projectRoot = "";
			targets = (
				EB75B45D290731C800F222FF /* reTestProject */,
				EB75B473290731C900F222FF /* reTestProjectTests */,
				EB75B47D290731C900F222FF /* reTestProjectUITests */,
			);
		};
/* End PBXProject section */

/* Begin PBXResourcesBuildPhase section */
		EB75B45C290731C800F222FF /* Resources */ = {
			isa = PBXResourcesBuildPhase;
			buildActionMask = 2147483647;
			files = (
				EB75B46E290731C900F222FF /* LaunchScreen.storyboard in Resources */,
				EB75B46B290731C900F222FF /* Assets.xcassets in Resources */,
				EB75B469290731C800F222FF /* Main.storyboard in Resources */,
			);
			runOnlyForDeploymentPostprocessing = 0;
		};
		EB75B472290731C900F222FF /* Resources */ = {
			isa = PBXResourcesBuildPhase;
			buildActionMask = 2147483647;
			files = (
			);
			runOnlyForDeploymentPostprocessing = 0;
		};
		EB75B47C290731C900F222FF /* Resources */ = {
			isa = PBXResourcesBuildPhase;
			buildActionMask = 2147483647;
			files = (
			);
			runOnlyForDeploymentPostprocessing = 0;
		};
/* End PBXResourcesBuildPhase section */

/* Begin PBXShellScriptBuildPhase section */
		191ED5F8215B5BFF7C9BBAC4 /* [CP] Check Pods Manifest.lock */ = {
			isa = PBXShellScriptBuildPhase;
			buildActionMask = 2147483647;
			files = (
			);
			inputFileListPaths = (
			);
			inputPaths = (
				"${PODS_PODFILE_DIR_PATH}/Podfile.lock",
				"${PODS_ROOT}/Manifest.lock",
			);
			name = "[CP] Check Pods Manifest.lock";
			outputFileListPaths = (
			);
			outputPaths = (
				"$(DERIVED_FILE_DIR)/Pods-reTestProjectTests-checkManifestLockResult.txt",
			);
			runOnlyForDeploymentPostprocessing = 0;
			shellPath = /bin/sh;
			shellScript = "diff \"${PODS_PODFILE_DIR_PATH}/Podfile.lock\" \"${PODS_ROOT}/Manifest.lock\" > /dev/null\nif [ $? != 0 ] ; then\n    # print error to STDERR\n    echo \"error: The sandbox is not in sync with the Podfile.lock. Run 'pod install' or update your CocoaPods installation.\" >&2\n    exit 1\nfi\n# This output is used by Xcode 'outputs' to avoid re-running this script phase.\necho \"SUCCESS\" > \"${SCRIPT_OUTPUT_FILE_0}\"\n";
			showEnvVarsInLog = 0;
		};
		A7C50D3183DAED6BD3BF86D9 /* [CP] Check Pods Manifest.lock */ = {
			isa = PBXShellScriptBuildPhase;
			buildActionMask = 2147483647;
			files = (
			);
			inputFileListPaths = (
			);
			inputPaths = (
				"${PODS_PODFILE_DIR_PATH}/Podfile.lock",
				"${PODS_ROOT}/Manifest.lock",
			);
			name = "[CP] Check Pods Manifest.lock";
			outputFileListPaths = (
			);
			outputPaths = (
				"$(DERIVED_FILE_DIR)/Pods-reTestProject-checkManifestLockResult.txt",
			);
			runOnlyForDeploymentPostprocessing = 0;
			shellPath = /bin/sh;
			shellScript = "diff \"${PODS_PODFILE_DIR_PATH}/Podfile.lock\" \"${PODS_ROOT}/Manifest.lock\" > /dev/null\nif [ $? != 0 ] ; then\n    # print error to STDERR\n    echo \"error: The sandbox is not in sync with the Podfile.lock. Run 'pod install' or update your CocoaPods installation.\" >&2\n    exit 1\nfi\n# This output is used by Xcode 'outputs' to avoid re-running this script phase.\necho \"SUCCESS\" > \"${SCRIPT_OUTPUT_FILE_0}\"\n";
			showEnvVarsInLog = 0;
		};
		B6A9F78BF5C510D0896D5478 /* [CP] Embed Pods Frameworks */ = {
			isa = PBXShellScriptBuildPhase;
			buildActionMask = 2147483647;
			files = (
			);
			inputFileListPaths = (
				"${PODS_ROOT}/Target Support Files/Pods-reTestProject-reTestProjectUITests/Pods-reTestProject-reTestProjectUITests-frameworks-${CONFIGURATION}-input-files.xcfilelist",
			);
			name = "[CP] Embed Pods Frameworks";
			outputFileListPaths = (
				"${PODS_ROOT}/Target Support Files/Pods-reTestProject-reTestProjectUITests/Pods-reTestProject-reTestProjectUITests-frameworks-${CONFIGURATION}-output-files.xcfilelist",
			);
			runOnlyForDeploymentPostprocessing = 0;
			shellPath = /bin/sh;
			shellScript = "\"${PODS_ROOT}/Target Support Files/Pods-reTestProject-reTestProjectUITests/Pods-reTestProject-reTestProjectUITests-frameworks.sh\"\n";
			showEnvVarsInLog = 0;
		};
		BFAA7A2B744716C13D5DE0B9 /* [CP] Embed Pods Frameworks */ = {
			isa = PBXShellScriptBuildPhase;
			buildActionMask = 2147483647;
			files = (
			);
			inputFileListPaths = (
				"${PODS_ROOT}/Target Support Files/Pods-reTestProject/Pods-reTestProject-frameworks-${CONFIGURATION}-input-files.xcfilelist",
			);
			name = "[CP] Embed Pods Frameworks";
			outputFileListPaths = (
				"${PODS_ROOT}/Target Support Files/Pods-reTestProject/Pods-reTestProject-frameworks-${CONFIGURATION}-output-files.xcfilelist",
			);
			runOnlyForDeploymentPostprocessing = 0;
			shellPath = /bin/sh;
			shellScript = "\"${PODS_ROOT}/Target Support Files/Pods-reTestProject/Pods-reTestProject-frameworks.sh\"\n";
			showEnvVarsInLog = 0;
		};
		ED9B0840814BD2D80A17AC30 /* [CP] Check Pods Manifest.lock */ = {
			isa = PBXShellScriptBuildPhase;
			buildActionMask = 2147483647;
			files = (
			);
			inputFileListPaths = (
			);
			inputPaths = (
				"${PODS_PODFILE_DIR_PATH}/Podfile.lock",
				"${PODS_ROOT}/Manifest.lock",
			);
			name = "[CP] Check Pods Manifest.lock";
			outputFileListPaths = (
			);
			outputPaths = (
				"$(DERIVED_FILE_DIR)/Pods-reTestProject-reTestProjectUITests-checkManifestLockResult.txt",
			);
			runOnlyForDeploymentPostprocessing = 0;
			shellPath = /bin/sh;
			shellScript = "diff \"${PODS_PODFILE_DIR_PATH}/Podfile.lock\" \"${PODS_ROOT}/Manifest.lock\" > /dev/null\nif [ $? != 0 ] ; then\n    # print error to STDERR\n    echo \"error: The sandbox is not in sync with the Podfile.lock. Run 'pod install' or update your CocoaPods installation.\" >&2\n    exit 1\nfi\n# This output is used by Xcode 'outputs' to avoid re-running this script phase.\necho \"SUCCESS\" > \"${SCRIPT_OUTPUT_FILE_0}\"\n";
			showEnvVarsInLog = 0;
		};
/* End PBXShellScriptBuildPhase section */

/* Begin PBXSourcesBuildPhase section */
		EB75B45A290731C800F222FF /* Sources */ = {
			isa = PBXSourcesBuildPhase;
			buildActionMask = 2147483647;
			files = (
				EB7211912908121D00FD7B33 /* RestAPIService.swift in Sources */,
				EBAD9E4B290735260062F005 /* ExternalBrowserPresenter.swift in Sources */,
				EBAD9E42290734D00062F005 /* CouponInteractor.swift in Sources */,
				EB72119F290821BA00FD7B33 /* CouponManager.swift in Sources */,
				EBAD9E4F2907353A0062F005 /* ExternalBrowserRouter.swift in Sources */,
				EBAD9E4D290735300062F005 /* ExternalBrowserInteractor.swift in Sources */,
				EB721199290818D900FD7B33 /* BaseViewController.swift in Sources */,
				EBAD9E392907346B0062F005 /* RateProductRouter.swift in Sources */,
				EB72119B29081D8E00FD7B33 /* RateProductManager.swift in Sources */,
				EBAD9E49290735160062F005 /* ExternalBrowserViewController.swift in Sources */,
				EBAD9E44290734D90062F005 /* CouponRouter.swift in Sources */,
				EBAD9E40290734C60062F005 /* CouponPresenter.swift in Sources */,
				EB721193290815D200FD7B33 /* LaunchModuleManager.swift in Sources */,
				EB75B466290731C800F222FF /* ViewController.swift in Sources */,
				EBAD9E2C290733A70062F005 /* LaunchModuleInteractor.swift in Sources */,
				EB7211A52908265200FD7B33 /* Colours.swift in Sources */,
				EB7211A1290821ED00FD7B33 /* RestAPI + Coupon.swift in Sources */,
				EB75B462290731C800F222FF /* AppDelegate.swift in Sources */,
				EB25DCE329086EFF00BD5E70 /* ModelProtocols.swift in Sources */,
				EBAD9E282907338E0062F005 /* LaunchModuleViewController.swift in Sources */,
				EBAD9E30290733B90062F005 /* LaunchModuleBuilder.swift in Sources */,
				EBAD9E46290734E70062F005 /* CouponBuilder.swift in Sources */,
				EBAD9E2E290733B00062F005 /* LaunchModuleRouter.swift in Sources */,
				EB25DCDD2908678000BD5E70 /* RateProductViewController.swift in Sources */,
				EB75B464290731C800F222FF /* SceneDelegate.swift in Sources */,
				EBAD9E332907343C0062F005 /* RateProductPageViewController.swift in Sources */,
				EBAD9E35290734580062F005 /* RateProductPresenter.swift in Sources */,
				EBAD9E37290734620062F005 /* RateProductInteractor.swift in Sources */,
				EBAD9E2A2907339C0062F005 /* LaunchModulePresenter.swift in Sources */,
				EBAD9E51290735420062F005 /* ExternalBrowserBuilder.swift in Sources */,
				EB72119D29081DBB00FD7B33 /* RestAPI + RateProduct.swift in Sources */,
				EBAD9E3E290734B40062F005 /* CouponViewController.swift in Sources */,
				EB25DCE129086E3F00BD5E70 /* RateProductModel.swift in Sources */,
				EBAD9E3B290734740062F005 /* RateProductBuilder.swift in Sources */,
				EB7211962908161700FD7B33 /* RestAPI + Launch.swift in Sources */,
			);
			runOnlyForDeploymentPostprocessing = 0;
		};
		EB75B470290731C900F222FF /* Sources */ = {
			isa = PBXSourcesBuildPhase;
			buildActionMask = 2147483647;
			files = (
				EB75B479290731C900F222FF /* reTestProjectTests.swift in Sources */,
			);
			runOnlyForDeploymentPostprocessing = 0;
		};
		EB75B47A290731C900F222FF /* Sources */ = {
			isa = PBXSourcesBuildPhase;
			buildActionMask = 2147483647;
			files = (
				EB75B483290731C900F222FF /* reTestProjectUITests.swift in Sources */,
				EB75B485290731C900F222FF /* reTestProjectUITestsLaunchTests.swift in Sources */,
			);
			runOnlyForDeploymentPostprocessing = 0;
		};
/* End PBXSourcesBuildPhase section */

/* Begin PBXTargetDependency section */
		EB75B476290731C900F222FF /* PBXTargetDependency */ = {
			isa = PBXTargetDependency;
			target = EB75B45D290731C800F222FF /* reTestProject */;
			targetProxy = EB75B475290731C900F222FF /* PBXContainerItemProxy */;
		};
		EB75B480290731C900F222FF /* PBXTargetDependency */ = {
			isa = PBXTargetDependency;
			target = EB75B45D290731C800F222FF /* reTestProject */;
			targetProxy = EB75B47F290731C900F222FF /* PBXContainerItemProxy */;
		};
/* End PBXTargetDependency section */

/* Begin PBXVariantGroup section */
		EB75B467290731C800F222FF /* Main.storyboard */ = {
			isa = PBXVariantGroup;
			children = (
				EB75B468290731C800F222FF /* Base */,
			);
			name = Main.storyboard;
			sourceTree = "<group>";
		};
		EB75B46C290731C900F222FF /* LaunchScreen.storyboard */ = {
			isa = PBXVariantGroup;
			children = (
				EB75B46D290731C900F222FF /* Base */,
			);
			name = LaunchScreen.storyboard;
			sourceTree = "<group>";
		};
/* End PBXVariantGroup section */

/* Begin XCBuildConfiguration section */
		EB75B486290731C900F222FF /* Debug */ = {
			isa = XCBuildConfiguration;
			buildSettings = {
				ALWAYS_SEARCH_USER_PATHS = NO;
				CLANG_ANALYZER_NONNULL = YES;
				CLANG_ANALYZER_NUMBER_OBJECT_CONVERSION = YES_AGGRESSIVE;
				CLANG_CXX_LANGUAGE_STANDARD = "gnu++20";
				CLANG_ENABLE_MODULES = YES;
				CLANG_ENABLE_OBJC_ARC = YES;
				CLANG_ENABLE_OBJC_WEAK = YES;
				CLANG_WARN_BLOCK_CAPTURE_AUTORELEASING = YES;
				CLANG_WARN_BOOL_CONVERSION = YES;
				CLANG_WARN_COMMA = YES;
				CLANG_WARN_CONSTANT_CONVERSION = YES;
				CLANG_WARN_DEPRECATED_OBJC_IMPLEMENTATIONS = YES;
				CLANG_WARN_DIRECT_OBJC_ISA_USAGE = YES_ERROR;
				CLANG_WARN_DOCUMENTATION_COMMENTS = YES;
				CLANG_WARN_EMPTY_BODY = YES;
				CLANG_WARN_ENUM_CONVERSION = YES;
				CLANG_WARN_INFINITE_RECURSION = YES;
				CLANG_WARN_INT_CONVERSION = YES;
				CLANG_WARN_NON_LITERAL_NULL_CONVERSION = YES;
				CLANG_WARN_OBJC_IMPLICIT_RETAIN_SELF = YES;
				CLANG_WARN_OBJC_LITERAL_CONVERSION = YES;
				CLANG_WARN_OBJC_ROOT_CLASS = YES_ERROR;
				CLANG_WARN_QUOTED_INCLUDE_IN_FRAMEWORK_HEADER = YES;
				CLANG_WARN_RANGE_LOOP_ANALYSIS = YES;
				CLANG_WARN_STRICT_PROTOTYPES = YES;
				CLANG_WARN_SUSPICIOUS_MOVE = YES;
				CLANG_WARN_UNGUARDED_AVAILABILITY = YES_AGGRESSIVE;
				CLANG_WARN_UNREACHABLE_CODE = YES;
				CLANG_WARN__DUPLICATE_METHOD_MATCH = YES;
				COPY_PHASE_STRIP = NO;
				DEBUG_INFORMATION_FORMAT = dwarf;
				ENABLE_STRICT_OBJC_MSGSEND = YES;
				ENABLE_TESTABILITY = YES;
				GCC_C_LANGUAGE_STANDARD = gnu11;
				GCC_DYNAMIC_NO_PIC = NO;
				GCC_NO_COMMON_BLOCKS = YES;
				GCC_OPTIMIZATION_LEVEL = 0;
				GCC_PREPROCESSOR_DEFINITIONS = (
					"DEBUG=1",
					"$(inherited)",
				);
				GCC_WARN_64_TO_32_BIT_CONVERSION = YES;
				GCC_WARN_ABOUT_RETURN_TYPE = YES_ERROR;
				GCC_WARN_UNDECLARED_SELECTOR = YES;
				GCC_WARN_UNINITIALIZED_AUTOS = YES_AGGRESSIVE;
				GCC_WARN_UNUSED_FUNCTION = YES;
				GCC_WARN_UNUSED_VARIABLE = YES;
				IPHONEOS_DEPLOYMENT_TARGET = 16.0;
				MTL_ENABLE_DEBUG_INFO = INCLUDE_SOURCE;
				MTL_FAST_MATH = YES;
				ONLY_ACTIVE_ARCH = YES;
				SDKROOT = iphoneos;
				SWIFT_ACTIVE_COMPILATION_CONDITIONS = DEBUG;
				SWIFT_OPTIMIZATION_LEVEL = "-Onone";
			};
			name = Debug;
		};
		EB75B487290731C900F222FF /* Release */ = {
			isa = XCBuildConfiguration;
			buildSettings = {
				ALWAYS_SEARCH_USER_PATHS = NO;
				CLANG_ANALYZER_NONNULL = YES;
				CLANG_ANALYZER_NUMBER_OBJECT_CONVERSION = YES_AGGRESSIVE;
				CLANG_CXX_LANGUAGE_STANDARD = "gnu++20";
				CLANG_ENABLE_MODULES = YES;
				CLANG_ENABLE_OBJC_ARC = YES;
				CLANG_ENABLE_OBJC_WEAK = YES;
				CLANG_WARN_BLOCK_CAPTURE_AUTORELEASING = YES;
				CLANG_WARN_BOOL_CONVERSION = YES;
				CLANG_WARN_COMMA = YES;
				CLANG_WARN_CONSTANT_CONVERSION = YES;
				CLANG_WARN_DEPRECATED_OBJC_IMPLEMENTATIONS = YES;
				CLANG_WARN_DIRECT_OBJC_ISA_USAGE = YES_ERROR;
				CLANG_WARN_DOCUMENTATION_COMMENTS = YES;
				CLANG_WARN_EMPTY_BODY = YES;
				CLANG_WARN_ENUM_CONVERSION = YES;
				CLANG_WARN_INFINITE_RECURSION = YES;
				CLANG_WARN_INT_CONVERSION = YES;
				CLANG_WARN_NON_LITERAL_NULL_CONVERSION = YES;
				CLANG_WARN_OBJC_IMPLICIT_RETAIN_SELF = YES;
				CLANG_WARN_OBJC_LITERAL_CONVERSION = YES;
				CLANG_WARN_OBJC_ROOT_CLASS = YES_ERROR;
				CLANG_WARN_QUOTED_INCLUDE_IN_FRAMEWORK_HEADER = YES;
				CLANG_WARN_RANGE_LOOP_ANALYSIS = YES;
				CLANG_WARN_STRICT_PROTOTYPES = YES;
				CLANG_WARN_SUSPICIOUS_MOVE = YES;
				CLANG_WARN_UNGUARDED_AVAILABILITY = YES_AGGRESSIVE;
				CLANG_WARN_UNREACHABLE_CODE = YES;
				CLANG_WARN__DUPLICATE_METHOD_MATCH = YES;
				COPY_PHASE_STRIP = NO;
				DEBUG_INFORMATION_FORMAT = "dwarf-with-dsym";
				ENABLE_NS_ASSERTIONS = NO;
				ENABLE_STRICT_OBJC_MSGSEND = YES;
				GCC_C_LANGUAGE_STANDARD = gnu11;
				GCC_NO_COMMON_BLOCKS = YES;
				GCC_WARN_64_TO_32_BIT_CONVERSION = YES;
				GCC_WARN_ABOUT_RETURN_TYPE = YES_ERROR;
				GCC_WARN_UNDECLARED_SELECTOR = YES;
				GCC_WARN_UNINITIALIZED_AUTOS = YES_AGGRESSIVE;
				GCC_WARN_UNUSED_FUNCTION = YES;
				GCC_WARN_UNUSED_VARIABLE = YES;
				IPHONEOS_DEPLOYMENT_TARGET = 16.0;
				MTL_ENABLE_DEBUG_INFO = NO;
				MTL_FAST_MATH = YES;
				SDKROOT = iphoneos;
				SWIFT_COMPILATION_MODE = wholemodule;
				SWIFT_OPTIMIZATION_LEVEL = "-O";
				VALIDATE_PRODUCT = YES;
			};
			name = Release;
		};
		EB75B489290731C900F222FF /* Debug */ = {
			isa = XCBuildConfiguration;
			baseConfigurationReference = 2584C92FFAE6C5C545B61F57 /* Pods-reTestProject.debug.xcconfig */;
			buildSettings = {
				ASSETCATALOG_COMPILER_APPICON_NAME = AppIcon;
				ASSETCATALOG_COMPILER_GLOBAL_ACCENT_COLOR_NAME = AccentColor;
				CODE_SIGN_STYLE = Automatic;
				CURRENT_PROJECT_VERSION = 1;
				GENERATE_INFOPLIST_FILE = YES;
				INFOPLIST_FILE = reTestProject/Info.plist;
				INFOPLIST_KEY_UIApplicationSupportsIndirectInputEvents = YES;
				INFOPLIST_KEY_UILaunchStoryboardName = LaunchScreen;
				INFOPLIST_KEY_UIMainStoryboardFile = Main;
				INFOPLIST_KEY_UIStatusBarStyle = "";
				INFOPLIST_KEY_UISupportedInterfaceOrientations = UIInterfaceOrientationPortrait;
				LD_RUNPATH_SEARCH_PATHS = (
					"$(inherited)",
					"@executable_path/Frameworks",
				);
				MARKETING_VERSION = 1.0;
				PRODUCT_BUNDLE_IDENTIFIER = com.reTestProject.reTestProject;
				PRODUCT_NAME = "$(TARGET_NAME)";
				SWIFT_EMIT_LOC_STRINGS = YES;
				SWIFT_VERSION = 5.0;
				TARGETED_DEVICE_FAMILY = "1,2";
			};
			name = Debug;
		};
		EB75B48A290731C900F222FF /* Release */ = {
			isa = XCBuildConfiguration;
			baseConfigurationReference = A88BD473FEE4223AAF980691 /* Pods-reTestProject.release.xcconfig */;
			buildSettings = {
				ASSETCATALOG_COMPILER_APPICON_NAME = AppIcon;
				ASSETCATALOG_COMPILER_GLOBAL_ACCENT_COLOR_NAME = AccentColor;
				CODE_SIGN_STYLE = Automatic;
				CURRENT_PROJECT_VERSION = 1;
				GENERATE_INFOPLIST_FILE = YES;
				INFOPLIST_FILE = reTestProject/Info.plist;
				INFOPLIST_KEY_UIApplicationSupportsIndirectInputEvents = YES;
				INFOPLIST_KEY_UILaunchStoryboardName = LaunchScreen;
				INFOPLIST_KEY_UIMainStoryboardFile = Main;
				INFOPLIST_KEY_UIStatusBarStyle = "";
				INFOPLIST_KEY_UISupportedInterfaceOrientations = UIInterfaceOrientationPortrait;
				LD_RUNPATH_SEARCH_PATHS = (
					"$(inherited)",
					"@executable_path/Frameworks",
				);
				MARKETING_VERSION = 1.0;
				PRODUCT_BUNDLE_IDENTIFIER = com.reTestProject.reTestProject;
				PRODUCT_NAME = "$(TARGET_NAME)";
				SWIFT_EMIT_LOC_STRINGS = YES;
				SWIFT_VERSION = 5.0;
				TARGETED_DEVICE_FAMILY = "1,2";
			};
			name = Release;
		};
		EB75B48C290731C900F222FF /* Debug */ = {
			isa = XCBuildConfiguration;
			baseConfigurationReference = C14A98BFAEEE3BBA4B36829B /* Pods-reTestProjectTests.debug.xcconfig */;
			buildSettings = {
				ALWAYS_EMBED_SWIFT_STANDARD_LIBRARIES = YES;
				BUNDLE_LOADER = "$(TEST_HOST)";
				CODE_SIGN_STYLE = Automatic;
				CURRENT_PROJECT_VERSION = 1;
				GENERATE_INFOPLIST_FILE = YES;
				IPHONEOS_DEPLOYMENT_TARGET = 16.0;
				MARKETING_VERSION = 1.0;
				PRODUCT_BUNDLE_IDENTIFIER = com.reTestProject.reTestProjectTests;
				PRODUCT_NAME = "$(TARGET_NAME)";
				SWIFT_EMIT_LOC_STRINGS = NO;
				SWIFT_VERSION = 5.0;
				TARGETED_DEVICE_FAMILY = "1,2";
				TEST_HOST = "$(BUILT_PRODUCTS_DIR)/reTestProject.app/$(BUNDLE_EXECUTABLE_FOLDER_PATH)/reTestProject";
			};
			name = Debug;
		};
		EB75B48D290731C900F222FF /* Release */ = {
			isa = XCBuildConfiguration;
			baseConfigurationReference = 75139AC0DB14621D6070E137 /* Pods-reTestProjectTests.release.xcconfig */;
			buildSettings = {
				ALWAYS_EMBED_SWIFT_STANDARD_LIBRARIES = YES;
				BUNDLE_LOADER = "$(TEST_HOST)";
				CODE_SIGN_STYLE = Automatic;
				CURRENT_PROJECT_VERSION = 1;
				GENERATE_INFOPLIST_FILE = YES;
				IPHONEOS_DEPLOYMENT_TARGET = 16.0;
				MARKETING_VERSION = 1.0;
				PRODUCT_BUNDLE_IDENTIFIER = com.reTestProject.reTestProjectTests;
				PRODUCT_NAME = "$(TARGET_NAME)";
				SWIFT_EMIT_LOC_STRINGS = NO;
				SWIFT_VERSION = 5.0;
				TARGETED_DEVICE_FAMILY = "1,2";
				TEST_HOST = "$(BUILT_PRODUCTS_DIR)/reTestProject.app/$(BUNDLE_EXECUTABLE_FOLDER_PATH)/reTestProject";
			};
			name = Release;
		};
		EB75B48F290731C900F222FF /* Debug */ = {
			isa = XCBuildConfiguration;
			baseConfigurationReference = 032721B6C8586F0AC28D161B /* Pods-reTestProject-reTestProjectUITests.debug.xcconfig */;
			buildSettings = {
				ALWAYS_EMBED_SWIFT_STANDARD_LIBRARIES = YES;
				CODE_SIGN_STYLE = Automatic;
				CURRENT_PROJECT_VERSION = 1;
				GENERATE_INFOPLIST_FILE = YES;
				MARKETING_VERSION = 1.0;
				PRODUCT_BUNDLE_IDENTIFIER = com.reTestProject.reTestProjectUITests;
				PRODUCT_NAME = "$(TARGET_NAME)";
				SWIFT_EMIT_LOC_STRINGS = NO;
				SWIFT_VERSION = 5.0;
				TARGETED_DEVICE_FAMILY = "1,2";
				TEST_TARGET_NAME = reTestProject;
			};
			name = Debug;
		};
		EB75B490290731C900F222FF /* Release */ = {
			isa = XCBuildConfiguration;
			baseConfigurationReference = F449D7C3BA39ADE28A9040A1 /* Pods-reTestProject-reTestProjectUITests.release.xcconfig */;
			buildSettings = {
				ALWAYS_EMBED_SWIFT_STANDARD_LIBRARIES = YES;
				CODE_SIGN_STYLE = Automatic;
				CURRENT_PROJECT_VERSION = 1;
				GENERATE_INFOPLIST_FILE = YES;
				MARKETING_VERSION = 1.0;
				PRODUCT_BUNDLE_IDENTIFIER = com.reTestProject.reTestProjectUITests;
				PRODUCT_NAME = "$(TARGET_NAME)";
				SWIFT_EMIT_LOC_STRINGS = NO;
				SWIFT_VERSION = 5.0;
				TARGETED_DEVICE_FAMILY = "1,2";
				TEST_TARGET_NAME = reTestProject;
			};
			name = Release;
		};
/* End XCBuildConfiguration section */

/* Begin XCConfigurationList section */
		EB75B459290731C800F222FF /* Build configuration list for PBXProject "reTestProject" */ = {
			isa = XCConfigurationList;
			buildConfigurations = (
				EB75B486290731C900F222FF /* Debug */,
				EB75B487290731C900F222FF /* Release */,
			);
			defaultConfigurationIsVisible = 0;
			defaultConfigurationName = Release;
		};
		EB75B488290731C900F222FF /* Build configuration list for PBXNativeTarget "reTestProject" */ = {
			isa = XCConfigurationList;
			buildConfigurations = (
				EB75B489290731C900F222FF /* Debug */,
				EB75B48A290731C900F222FF /* Release */,
			);
			defaultConfigurationIsVisible = 0;
			defaultConfigurationName = Release;
		};
		EB75B48B290731C900F222FF /* Build configuration list for PBXNativeTarget "reTestProjectTests" */ = {
			isa = XCConfigurationList;
			buildConfigurations = (
				EB75B48C290731C900F222FF /* Debug */,
				EB75B48D290731C900F222FF /* Release */,
			);
			defaultConfigurationIsVisible = 0;
			defaultConfigurationName = Release;
		};
		EB75B48E290731C900F222FF /* Build configuration list for PBXNativeTarget "reTestProjectUITests" */ = {
			isa = XCConfigurationList;
			buildConfigurations = (
				EB75B48F290731C900F222FF /* Debug */,
				EB75B490290731C900F222FF /* Release */,
			);
			defaultConfigurationIsVisible = 0;
			defaultConfigurationName = Release;
		};
/* End XCConfigurationList section */
	};
	rootObject = EB75B456290731C800F222FF /* Project object */;
}
